
Microsoft Visual Studio Solution File, Format Version 12.00
# Visual Studio 15
VisualStudioVersion = 15.0.27428.2027
MinimumVisualStudioVersion = 10.0.40219.1
Project("{FAE04EC0-301F-11D3-BF4B-00C04F79EFBC}") = "IssueApp", "IssueApp\IssueApp.csproj", "{EF4AD510-936C-466B-B071-BBC857DB4478}"
EndProject
Global
	GlobalSection(SolutionConfigurationPlatforms) = preSolution
		Debug|Any CPU = Debug|Any CPU
		Release|Any CPU = Release|Any CPU
	EndGlobalSection
	GlobalSection(ProjectConfigurationPlatforms) = postSolution
		{EF4AD510-936C-466B-B071-BBC857DB4478}.Debug|Any CPU.ActiveCfg = Debug|Any CPU
		{EF4AD510-936C-466B-B071-BBC857DB4478}.Debug|Any CPU.Build.0 = Debug|Any CPU
		{EF4AD510-936C-466B-B071-BBC857DB4478}.Release|Any CPU.ActiveCfg = Release|Any CPU
		{EF4AD510-936C-466B-B071-BBC857DB4478}.Release|Any CPU.Build.0 = Release|Any CPU
	EndGlobalSection
	GlobalSection(SolutionProperties) = preSolution
		HideSolutionNode = FALSE
	EndGlobalSection
	GlobalSection(ExtensibilityGlobals) = postSolution
		SolutionGuid = {8C004770-BD97-4958-9F4F-74CDC9E7E428}
	EndGlobalSection
EndGlobal
